
Microsoft Visual Studio Solution File, Format Version 12.00
# Visual Studio Version 16
VisualStudioVersion = 16.0.29926.136
MinimumVisualStudioVersion = 10.0.40219.1
Project("{FAE04EC0-301F-11D3-BF4B-00C04F79EFBC}") = "Przychodnia", "Przychodnia\Przychodnia.csproj", "{7E678B97-EDB3-473A-B423-4BB9F76E06D0}"
EndProject
Project("{54435603-DBB4-11D2-8724-00A0C9A8B90C}") = "SetupPrzychodnia", "SetupPrzychodnia\SetupPrzychodnia.vdproj", "{EE9A89AF-CEEF-440D-916C-9942AF835A96}"
EndProject
Global
	GlobalSection(SolutionConfigurationPlatforms) = preSolution
		Debug|Any CPU = Debug|Any CPU
		Release|Any CPU = Release|Any CPU
	EndGlobalSection
	GlobalSection(ProjectConfigurationPlatforms) = postSolution
		{7E678B97-EDB3-473A-B423-4BB9F76E06D0}.Debug|Any CPU.ActiveCfg = Debug|Any CPU
		{7E678B97-EDB3-473A-B423-4BB9F76E06D0}.Debug|Any CPU.Build.0 = Debug|Any CPU
		{7E678B97-EDB3-473A-B423-4BB9F76E06D0}.Release|Any CPU.ActiveCfg = Release|Any CPU
		{7E678B97-EDB3-473A-B423-4BB9F76E06D0}.Release|Any CPU.Build.0 = Release|Any CPU
		{EE9A89AF-CEEF-440D-916C-9942AF835A96}.Debug|Any CPU.ActiveCfg = Debug
		{EE9A89AF-CEEF-440D-916C-9942AF835A96}.Release|Any CPU.ActiveCfg = Release
	EndGlobalSection
	GlobalSection(SolutionProperties) = preSolution
		HideSolutionNode = FALSE
	EndGlobalSection
	GlobalSection(ExtensibilityGlobals) = postSolution
		SolutionGuid = {2671D6AD-4620-4676-A03B-8B7633EA21FE}
	EndGlobalSection
EndGlobal
